
Microsoft Visual Studio Solution File, Format Version 12.00
# Visual Studio Version 17
VisualStudioVersion = 17.5.001.0
MinimumVisualStudioVersion = 10.0.40219.1
Project("{9A19103F-16F7-4668-BE54-9A1E7A4F7556}") = "Example004_Div", "Example004_Div.csproj", "{EAE1637E-59AD-40D9-AE04-97B868E4CAF6}"
EndProject
Global
	GlobalSection(SolutionConfigurationPlatforms) = preSolution
		Debug|Any CPU = Debug|Any CPU
		Release|Any CPU = Release|Any CPU
	EndGlobalSection
	GlobalSection(ProjectConfigurationPlatforms) = postSolution
		{EAE1637E-59AD-40D9-AE04-97B868E4CAF6}.Debug|Any CPU.ActiveCfg = Debug|Any CPU
		{EAE1637E-59AD-40D9-AE04-97B868E4CAF6}.Debug|Any CPU.Build.0 = Debug|Any CPU
		{EAE1637E-59AD-40D9-AE04-97B868E4CAF6}.Release|Any CPU.ActiveCfg = Release|Any CPU
		{EAE1637E-59AD-40D9-AE04-97B868E4CAF6}.Release|Any CPU.Build.0 = Release|Any CPU
	EndGlobalSection
	GlobalSection(SolutionProperties) = preSolution
		HideSolutionNode = FALSE
	EndGlobalSection
	GlobalSection(ExtensibilityGlobals) = postSolution
		SolutionGuid = {5E11C3C6-21F4-43C6-AEAD-85F94938938E}
	EndGlobalSection
EndGlobal
